
Microsoft Visual Studio Solution File, Format Version 12.00
# Visual Studio Version 17
VisualStudioVersion = 17.9.34701.34
MinimumVisualStudioVersion = 10.0.40219.1
Project("{FAE04EC0-301F-11D3-BF4B-00C04F79EFBC}") = "RestWithASPNETErudio", "RestWithASPNETErudio\RestWithASPNETErudio.csproj", "{E75C5C49-999B-4850-9F4D-63CFC249C6C6}"
EndProject
Global
	GlobalSection(SolutionConfigurationPlatforms) = preSolution
		Debug|Any CPU = Debug|Any CPU
		Release|Any CPU = Release|Any CPU
	EndGlobalSection
	GlobalSection(ProjectConfigurationPlatforms) = postSolution
		{E75C5C49-999B-4850-9F4D-63CFC249C6C6}.Debug|Any CPU.ActiveCfg = Debug|Any CPU
		{E75C5C49-999B-4850-9F4D-63CFC249C6C6}.Debug|Any CPU.Build.0 = Debug|Any CPU
		{E75C5C49-999B-4850-9F4D-63CFC249C6C6}.Release|Any CPU.ActiveCfg = Release|Any CPU
		{E75C5C49-999B-4850-9F4D-63CFC249C6C6}.Release|Any CPU.Build.0 = Release|Any CPU
	EndGlobalSection
	GlobalSection(SolutionProperties) = preSolution
		HideSolutionNode = FALSE
	EndGlobalSection
	GlobalSection(ExtensibilityGlobals) = postSolution
		SolutionGuid = {133C9E40-17F8-4E3E-97A4-434386BE3B1F}
	EndGlobalSection
EndGlobal
